
Microsoft Visual Studio Solution File, Format Version 12.00
# Visual Studio Version 17
VisualStudioVersion = 17.4.33103.184
MinimumVisualStudioVersion = 10.0.40219.1
Project("{FAE04EC0-301F-11D3-BF4B-00C04F79EFBC}") = "oop_lab_7", "oop_lab_7\oop_lab_7.csproj", "{0E430AFE-456A-463C-A496-42C6CECAB65E}"
EndProject
Global
	GlobalSection(SolutionConfigurationPlatforms) = preSolution
		Debug|Any CPU = Debug|Any CPU
		Release|Any CPU = Release|Any CPU
	EndGlobalSection
	GlobalSection(ProjectConfigurationPlatforms) = postSolution
		{0E430AFE-456A-463C-A496-42C6CECAB65E}.Debug|Any CPU.ActiveCfg = Debug|Any CPU
		{0E430AFE-456A-463C-A496-42C6CECAB65E}.Debug|Any CPU.Build.0 = Debug|Any CPU
		{0E430AFE-456A-463C-A496-42C6CECAB65E}.Release|Any CPU.ActiveCfg = Release|Any CPU
		{0E430AFE-456A-463C-A496-42C6CECAB65E}.Release|Any CPU.Build.0 = Release|Any CPU
	EndGlobalSection
	GlobalSection(SolutionProperties) = preSolution
		HideSolutionNode = FALSE
	EndGlobalSection
	GlobalSection(ExtensibilityGlobals) = postSolution
		SolutionGuid = {8B451A91-EDFF-4759-9B0F-A56ABB8A2D91}
	EndGlobalSection
EndGlobal
